
Microsoft Visual Studio Solution File, Format Version 12.00
# Visual Studio Version 16
VisualStudioVersion = 16.0.30907.101
MinimumVisualStudioVersion = 10.0.40219.1
Project("{FAE04EC0-301F-11D3-BF4B-00C04F79EFBC}") = "PhoneListAPI", "PhoneListAPI\PhoneListAPI.csproj", "{18E67BE2-70F3-4C21-89F7-083E15C2523C}"
EndProject
Global
	GlobalSection(SolutionConfigurationPlatforms) = preSolution
		Debug|Any CPU = Debug|Any CPU
		Release|Any CPU = Release|Any CPU
	EndGlobalSection
	GlobalSection(ProjectConfigurationPlatforms) = postSolution
		{18E67BE2-70F3-4C21-89F7-083E15C2523C}.Debug|Any CPU.ActiveCfg = Debug|Any CPU
		{18E67BE2-70F3-4C21-89F7-083E15C2523C}.Debug|Any CPU.Build.0 = Debug|Any CPU
		{18E67BE2-70F3-4C21-89F7-083E15C2523C}.Release|Any CPU.ActiveCfg = Release|Any CPU
		{18E67BE2-70F3-4C21-89F7-083E15C2523C}.Release|Any CPU.Build.0 = Release|Any CPU
	EndGlobalSection
	GlobalSection(SolutionProperties) = preSolution
		HideSolutionNode = FALSE
	EndGlobalSection
	GlobalSection(ExtensibilityGlobals) = postSolution
		SolutionGuid = {D3EF5E9C-8B7D-453B-97F1-385BEA8C2BF2}
	EndGlobalSection
EndGlobal
